// !$*UTF8*$!
{
	archiveVersion = 1;
	classes = {
	};
	objectVersion = 56;
	objects = {

/* Begin PBXBuildFile section */
		043D4BFD2CA1D31600EE2CBA /* Mission.swift in Sources */ = {isa = PBXBuildFile; fileRef = 043D4BFC2CA1D31600EE2CBA /* Mission.swift */; };
		043D4C012CA1E9AC00EE2CBA /* Color-Theme.swift in Sources */ = {isa = PBXBuildFile; fileRef = 043D4C002CA1E9AC00EE2CBA /* Color-Theme.swift */; };
		043D4C032CA2ADB300EE2CBA /* MissionView.swift in Sources */ = {isa = PBXBuildFile; fileRef = 043D4C022CA2ADB300EE2CBA /* MissionView.swift */; };
		043D4C052CA2FE9700EE2CBA /* AstronautView.swift in Sources */ = {isa = PBXBuildFile; fileRef = 043D4C042CA2FE9700EE2CBA /* AstronautView.swift */; };
		04453D9B2CA019CC00B77562 /* moonShotApp.swift in Sources */ = {isa = PBXBuildFile; fileRef = 04453D9A2CA019CC00B77562 /* moonShotApp.swift */; };
		04453D9D2CA019CC00B77562 /* ContentView.swift in Sources */ = {isa = PBXBuildFile; fileRef = 04453D9C2CA019CC00B77562 /* ContentView.swift */; };
		04453D9F2CA019CE00B77562 /* Assets.xcassets in Resources */ = {isa = PBXBuildFile; fileRef = 04453D9E2CA019CE00B77562 /* Assets.xcassets */; };
		04453DA22CA019CE00B77562 /* Preview Assets.xcassets in Resources */ = {isa = PBXBuildFile; fileRef = 04453DA12CA019CE00B77562 /* Preview Assets.xcassets */; };
		04453DAA2CA1B51F00B77562 /* missions.json in Resources */ = {isa = PBXBuildFile; fileRef = 04453DA82CA1B51F00B77562 /* missions.json */; };
		04453DAB2CA1B52000B77562 /* astronauts.json in Resources */ = {isa = PBXBuildFile; fileRef = 04453DA92CA1B51F00B77562 /* astronauts.json */; };
		04453DAD2CA1B6D800B77562 /* Astronaut.swift in Sources */ = {isa = PBXBuildFile; fileRef = 04453DAC2CA1B6D800B77562 /* Astronaut.swift */; };
		04453DAF2CA1B7B100B77562 /* Bundle-Decodable.swift in Sources */ = {isa = PBXBuildFile; fileRef = 04453DAE2CA1B7B100B77562 /* Bundle-Decodable.swift */; };
/* End PBXBuildFile section */

/* Begin PBXFileReference section */
		043D4BFC2CA1D31600EE2CBA /* Mission.swift */ = {isa = PBXFileReference; lastKnownFileType = sourcecode.swift; path = Mission.swift; sourceTree = "<group>"; };
		043D4C002CA1E9AC00EE2CBA /* Color-Theme.swift */ = {isa = PBXFileReference; lastKnownFileType = sourcecode.swift; path = "Color-Theme.swift"; sourceTree = "<group>"; };
		043D4C022CA2ADB300EE2CBA /* MissionView.swift */ = {isa = PBXFileReference; lastKnownFileType = sourcecode.swift; path = MissionView.swift; sourceTree = "<group>"; };
		043D4C042CA2FE9700EE2CBA /* AstronautView.swift */ = {isa = PBXFileReference; lastKnownFileType = sourcecode.swift; path = AstronautView.swift; sourceTree = "<group>"; };
		04453D972CA019CC00B77562 /* moonShot.app */ = {isa = PBXFileReference; explicitFileType = wrapper.application; includeInIndex = 0; path = moonShot.app; sourceTree = BUILT_PRODUCTS_DIR; };
		04453D9A2CA019CC00B77562 /* moonShotApp.swift */ = {isa = PBXFileReference; lastKnownFileType = sourcecode.swift; path = moonShotApp.swift; sourceTree = "<group>"; };
		04453D9C2CA019CC00B77562 /* ContentView.swift */ = {isa = PBXFileReference; lastKnownFileType = sourcecode.swift; path = ContentView.swift; sourceTree = "<group>"; };
		04453D9E2CA019CE00B77562 /* Assets.xcassets */ = {isa = PBXFileReference; lastKnownFileType = folder.assetcatalog; path = Assets.xcassets; sourceTree = "<group>"; };
		04453DA12CA019CE00B77562 /* Preview Assets.xcassets */ = {isa = PBXFileReference; lastKnownFileType = folder.assetcatalog; path = "Preview Assets.xcassets"; sourceTree = "<group>"; };
		04453DA82CA1B51F00B77562 /* missions.json */ = {isa = PBXFileReference; fileEncoding = 4; lastKnownFileType = text.json; path = missions.json; sourceTree = "<group>"; };
		04453DA92CA1B51F00B77562 /* astronauts.json */ = {isa = PBXFileReference; fileEncoding = 4; lastKnownFileType = text.json; path = astronauts.json; sourceTree = "<group>"; };
		04453DAC2CA1B6D800B77562 /* Astronaut.swift */ = {isa = PBXFileReference; lastKnownFileType = sourcecode.swift; path = Astronaut.swift; sourceTree = "<group>"; };
		04453DAE2CA1B7B100B77562 /* Bundle-Decodable.swift */ = {isa = PBXFileReference; lastKnownFileType = sourcecode.swift; path = "Bundle-Decodable.swift"; sourceTree = "<group>"; };
/* End PBXFileReference section */

/* Begin PBXFrameworksBuildPhase section */
		04453D942CA019CC00B77562 /* Frameworks */ = {
			isa = PBXFrameworksBuildPhase;
			buildActionMask = 2147483647;
			files = (
			);
			runOnlyForDeploymentPostprocessing = 0;
		};
/* End PBXFrameworksBuildPhase section */

/* Begin PBXGroup section */
		04453D8E2CA019CC00B77562 = {
			isa = PBXGroup;
			children = (
				04453D992CA019CC00B77562 /* moonShot */,
				04453D982CA019CC00B77562 /* Products */,
			);
			sourceTree = "<group>";
		};
		04453D982CA019CC00B77562 /* Products */ = {
			isa = PBXGroup;
			children = (
				04453D972CA019CC00B77562 /* moonShot.app */,
			);
			name = Products;
			sourceTree = "<group>";
		};
		04453D992CA019CC00B77562 /* moonShot */ = {
			isa = PBXGroup;
			children = (
				04453D9A2CA019CC00B77562 /* moonShotApp.swift */,
				04453D9C2CA019CC00B77562 /* ContentView.swift */,
				043D4C022CA2ADB300EE2CBA /* MissionView.swift */,
				043D4C042CA2FE9700EE2CBA /* AstronautView.swift */,
				043D4C002CA1E9AC00EE2CBA /* Color-Theme.swift */,
				04453DA92CA1B51F00B77562 /* astronauts.json */,
				04453DAC2CA1B6D800B77562 /* Astronaut.swift */,
				04453DAE2CA1B7B100B77562 /* Bundle-Decodable.swift */,
				043D4BFC2CA1D31600EE2CBA /* Mission.swift */,
				04453DA82CA1B51F00B77562 /* missions.json */,
				04453D9E2CA019CE00B77562 /* Assets.xcassets */,
				04453DA02CA019CE00B77562 /* Preview Content */,
			);
			path = moonShot;
			sourceTree = "<group>";
		};
		04453DA02CA019CE00B77562 /* Preview Content */ = {
			isa = PBXGroup;
			children = (
				04453DA12CA019CE00B77562 /* Preview Assets.xcassets */,
			);
			path = "Preview Content";
			sourceTree = "<group>";
		};
/* End PBXGroup section */

/* Begin PBXNativeTarget section */
		04453D962CA019CC00B77562 /* moonShot */ = {
			isa = PBXNativeTarget;
			buildConfigurationList = 04453DA52CA019CE00B77562 /* Build configuration list for PBXNativeTarget "moonShot" */;
			buildPhases = (
				04453D932CA019CC00B77562 /* Sources */,
				04453D942CA019CC00B77562 /* Frameworks */,
				04453D952CA019CC00B77562 /* Resources */,
			);
			buildRules = (
			);
			dependencies = (
			);
			name = moonShot;
			productName = moonShot;
			productReference = 04453D972CA019CC00B77562 /* moonShot.app */;
			productType = "com.apple.product-type.application";
		};
/* End PBXNativeTarget section */

/* Begin PBXProject section */
		04453D8F2CA019CC00B77562 /* Project object */ = {
			isa = PBXProject;
			attributes = {
				BuildIndependentTargetsInParallel = 1;
				LastSwiftUpdateCheck = 1540;
				LastUpgradeCheck = 1540;
				TargetAttributes = {
					04453D962CA019CC00B77562 = {
						CreatedOnToolsVersion = 15.4;
					};
				};
			};
			buildConfigurationList = 04453D922CA019CC00B77562 /* Build configuration list for PBXProject "moonShot" */;
			compatibilityVersion = "Xcode 14.0";
			developmentRegion = en;
			hasScannedForEncodings = 0;
			knownRegions = (
				en,
				Base,
			);
			mainGroup = 04453D8E2CA019CC00B77562;
			productRefGroup = 04453D982CA019CC00B77562 /* Products */;
			projectDirPath = "";
			projectRoot = "";
			targets = (
				04453D962CA019CC00B77562 /* moonShot */,
			);
		};
/* End PBXProject section */

/* Begin PBXResourcesBuildPhase section */
		04453D952CA019CC00B77562 /* Resources */ = {
			isa = PBXResourcesBuildPhase;
			buildActionMask = 2147483647;
			files = (
				04453DA22CA019CE00B77562 /* Preview Assets.xcassets in Resources */,
				04453DAA2CA1B51F00B77562 /* missions.json in Resources */,
				04453D9F2CA019CE00B77562 /* Assets.xcassets in Resources */,
				04453DAB2CA1B52000B77562 /* astronauts.json in Resources */,
			);
			runOnlyForDeploymentPostprocessing = 0;
		};
/* End PBXResourcesBuildPhase section */

/* Begin PBXSourcesBuildPhase section */
		04453D932CA019CC00B77562 /* Sources */ = {
			isa = PBXSourcesBuildPhase;
			buildActionMask = 2147483647;
			files = (
				043D4C032CA2ADB300EE2CBA /* MissionView.swift in Sources */,
				04453DAD2CA1B6D800B77562 /* Astronaut.swift in Sources */,
				043D4C052CA2FE9700EE2CBA /* AstronautView.swift in Sources */,
				043D4C012CA1E9AC00EE2CBA /* Color-Theme.swift in Sources */,
				04453D9D2CA019CC00B77562 /* ContentView.swift in Sources */,
				04453D9B2CA019CC00B77562 /* moonShotApp.swift in Sources */,
				043D4BFD2CA1D31600EE2CBA /* Mission.swift in Sources */,
				04453DAF2CA1B7B100B77562 /* Bundle-Decodable.swift in Sources */,
			);
			runOnlyForDeploymentPostprocessing = 0;
		};
/* End PBXSourcesBuildPhase section */

/* Begin XCBuildConfiguration section */
		04453DA32CA019CE00B77562 /* Debug */ = {
			isa = XCBuildConfiguration;
			buildSettings = {
				ALWAYS_SEARCH_USER_PATHS = NO;
				ASSETCATALOG_COMPILER_GENERATE_SWIFT_ASSET_SYMBOL_EXTENSIONS = YES;
				CLANG_ANALYZER_NONNULL = YES;
				CLANG_ANALYZER_NUMBER_OBJECT_CONVERSION = YES_AGGRESSIVE;
				CLANG_CXX_LANGUAGE_STANDARD = "gnu++20";
				CLANG_ENABLE_MODULES = YES;
				CLANG_ENABLE_OBJC_ARC = YES;
				CLANG_ENABLE_OBJC_WEAK = YES;
				CLANG_WARN_BLOCK_CAPTURE_AUTORELEASING = YES;
				CLANG_WARN_BOOL_CONVERSION = YES;
				CLANG_WARN_COMMA = YES;
				CLANG_WARN_CONSTANT_CONVERSION = YES;
				CLANG_WARN_DEPRECATED_OBJC_IMPLEMENTATIONS = YES;
				CLANG_WARN_DIRECT_OBJC_ISA_USAGE = YES_ERROR;
				CLANG_WARN_DOCUMENTATION_COMMENTS = YES;
				CLANG_WARN_EMPTY_BODY = YES;
				CLANG_WARN_ENUM_CONVERSION = YES;
				CLANG_WARN_INFINITE_RECURSION = YES;
				CLANG_WARN_INT_CONVERSION = YES;
				CLANG_WARN_NON_LITERAL_NULL_CONVERSION = YES;
				CLANG_WARN_OBJC_IMPLICIT_RETAIN_SELF = YES;
				CLANG_WARN_OBJC_LITERAL_CONVERSION = YES;
				CLANG_WARN_OBJC_ROOT_CLASS = YES_ERROR;
				CLANG_WARN_QUOTED_INCLUDE_IN_FRAMEWORK_HEADER = YES;
				CLANG_WARN_RANGE_LOOP_ANALYSIS = YES;
				CLANG_WARN_STRICT_PROTOTYPES = YES;
				CLANG_WARN_SUSPICIOUS_MOVE = YES;
				CLANG_WARN_UNGUARDED_AVAILABILITY = YES_AGGRESSIVE;
				CLANG_WARN_UNREACHABLE_CODE = YES;
				CLANG_WARN__DUPLICATE_METHOD_MATCH = YES;
				COPY_PHASE_STRIP = NO;
				DEBUG_INFORMATION_FORMAT = dwarf;
				ENABLE_STRICT_OBJC_MSGSEND = YES;
				ENABLE_TESTABILITY = YES;
				ENABLE_USER_SCRIPT_SANDBOXING = YES;
				GCC_C_LANGUAGE_STANDARD = gnu17;
				GCC_DYNAMIC_NO_PIC = NO;
				GCC_NO_COMMON_BLOCKS = YES;
				GCC_OPTIMIZATION_LEVEL = 0;
				GCC_PREPROCESSOR_DEFINITIONS = (
					"DEBUG=1",
					"$(inherited)",
				);
				GCC_WARN_64_TO_32_BIT_CONVERSION = YES;
				GCC_WARN_ABOUT_RETURN_TYPE = YES_ERROR;
				GCC_WARN_UNDECLARED_SELECTOR = YES;
				GCC_WARN_UNINITIALIZED_AUTOS = YES_AGGRESSIVE;
				GCC_WARN_UNUSED_FUNCTION = YES;
				GCC_WARN_UNUSED_VARIABLE = YES;
				IPHONEOS_DEPLOYMENT_TARGET = 17.5;
				LOCALIZATION_PREFERS_STRING_CATALOGS = YES;
				MTL_ENABLE_DEBUG_INFO = INCLUDE_SOURCE;
				MTL_FAST_MATH = YES;
				ONLY_ACTIVE_ARCH = YES;
				SDKROOT = iphoneos;
				SWIFT_ACTIVE_COMPILATION_CONDITIONS = "DEBUG $(inherited)";
				SWIFT_OPTIMIZATION_LEVEL = "-Onone";
			};
			name = Debug;
		};
		04453DA42CA019CE00B77562 /* Release */ = {
			isa = XCBuildConfiguration;
			buildSettings = {
				ALWAYS_SEARCH_USER_PATHS = NO;
				ASSETCATALOG_COMPILER_GENERATE_SWIFT_ASSET_SYMBOL_EXTENSIONS = YES;
				CLANG_ANALYZER_NONNULL = YES;
				CLANG_ANALYZER_NUMBER_OBJECT_CONVERSION = YES_AGGRESSIVE;
				CLANG_CXX_LANGUAGE_STANDARD = "gnu++20";
				CLANG_ENABLE_MODULES = YES;
				CLANG_ENABLE_OBJC_ARC = YES;
				CLANG_ENABLE_OBJC_WEAK = YES;
				CLANG_WARN_BLOCK_CAPTURE_AUTORELEASING = YES;
				CLANG_WARN_BOOL_CONVERSION = YES;
				CLANG_WARN_COMMA = YES;
				CLANG_WARN_CONSTANT_CONVERSION = YES;
				CLANG_WARN_DEPRECATED_OBJC_IMPLEMENTATIONS = YES;
				CLANG_WARN_DIRECT_OBJC_ISA_USAGE = YES_ERROR;
				CLANG_WARN_DOCUMENTATION_COMMENTS = YES;
				CLANG_WARN_EMPTY_BODY = YES;
				CLANG_WARN_ENUM_CONVERSION = YES;
				CLANG_WARN_INFINITE_RECURSION = YES;
				CLANG_WARN_INT_CONVERSION = YES;
				CLANG_WARN_NON_LITERAL_NULL_CONVERSION = YES;
				CLANG_WARN_OBJC_IMPLICIT_RETAIN_SELF = YES;
				CLANG_WARN_OBJC_LITERAL_CONVERSION = YES;
				CLANG_WARN_OBJC_ROOT_CLASS = YES_ERROR;
				CLANG_WARN_QUOTED_INCLUDE_IN_FRAMEWORK_HEADER = YES;
				CLANG_WARN_RANGE_LOOP_ANALYSIS = YES;
				CLANG_WARN_STRICT_PROTOTYPES = YES;
				CLANG_WARN_SUSPICIOUS_MOVE = YES;
				CLANG_WARN_UNGUARDED_AVAILABILITY = YES_AGGRESSIVE;
				CLANG_WARN_UNREACHABLE_CODE = YES;
				CLANG_WARN__DUPLICATE_METHOD_MATCH = YES;
				COPY_PHASE_STRIP = NO;
				DEBUG_INFORMATION_FORMAT = "dwarf-with-dsym";
				ENABLE_NS_ASSERTIONS = NO;
				ENABLE_STRICT_OBJC_MSGSEND = YES;
				ENABLE_USER_SCRIPT_SANDBOXING = YES;
				GCC_C_LANGUAGE_STANDARD = gnu17;
				GCC_NO_COMMON_BLOCKS = YES;
				GCC_WARN_64_TO_32_BIT_CONVERSION = YES;
				GCC_WARN_ABOUT_RETURN_TYPE = YES_ERROR;
				GCC_WARN_UNDECLARED_SELECTOR = YES;
				GCC_WARN_UNINITIALIZED_AUTOS = YES_AGGRESSIVE;
				GCC_WARN_UNUSED_FUNCTION = YES;
				GCC_WARN_UNUSED_VARIABLE = YES;
				IPHONEOS_DEPLOYMENT_TARGET = 17.5;
				LOCALIZATION_PREFERS_STRING_CATALOGS = YES;
				MTL_ENABLE_DEBUG_INFO = NO;
				MTL_FAST_MATH = YES;
				SDKROOT = iphoneos;
				SWIFT_COMPILATION_MODE = wholemodule;
				VALIDATE_PRODUCT = YES;
			};
			name = Release;
		};
		04453DA62CA019CE00B77562 /* Debug */ = {
			isa = XCBuildConfiguration;
			buildSettings = {
				ASSETCATALOG_COMPILER_APPICON_NAME = AppIcon;
				ASSETCATALOG_COMPILER_GLOBAL_ACCENT_COLOR_NAME = AccentColor;
				CODE_SIGN_STYLE = Automatic;
				CURRENT_PROJECT_VERSION = 1;
				DEVELOPMENT_ASSET_PATHS = "\"moonShot/Preview Content\"";
				ENABLE_PREVIEWS = YES;
				GENERATE_INFOPLIST_FILE = YES;
				INFOPLIST_KEY_UIApplicationSceneManifest_Generation = YES;
				INFOPLIST_KEY_UIApplicationSupportsIndirectInputEvents = YES;
				INFOPLIST_KEY_UILaunchScreen_Generation = YES;
				INFOPLIST_KEY_UISupportedInterfaceOrientations_iPad = "UIInterfaceOrientationPortrait UIInterfaceOrientationPortraitUpsideDown UIInterfaceOrientationLandscapeLeft UIInterfaceOrientationLandscapeRight";
				INFOPLIST_KEY_UISupportedInterfaceOrientations_iPhone = "UIInterfaceOrientationPortrait UIInterfaceOrientationLandscapeLeft UIInterfaceOrientationLandscapeRight";
				LD_RUNPATH_SEARCH_PATHS = (
					"$(inherited)",
					"@executable_path/Frameworks",
				);
				MARKETING_VERSION = 1.0;
				PRODUCT_BUNDLE_IDENTIFIER = com.husaynabdul.moonShot;
				PRODUCT_NAME = "$(TARGET_NAME)";
				SWIFT_EMIT_LOC_STRINGS = YES;
				SWIFT_VERSION = 5.0;
				TARGETED_DEVICE_FAMILY = "1,2";
			};
			name = Debug;
		};
		04453DA72CA019CE00B77562 /* Release */ = {
			isa = XCBuildConfiguration;
			buildSettings = {
				ASSETCATALOG_COMPILER_APPICON_NAME = AppIcon;
				ASSETCATALOG_COMPILER_GLOBAL_ACCENT_COLOR_NAME = AccentColor;
				CODE_SIGN_STYLE = Automatic;
				CURRENT_PROJECT_VERSION = 1;
				DEVELOPMENT_ASSET_PATHS = "\"moonShot/Preview Content\"";
				ENABLE_PREVIEWS = YES;
				GENERATE_INFOPLIST_FILE = YES;
				INFOPLIST_KEY_UIApplicationSceneManifest_Generation = YES;
				INFOPLIST_KEY_UIApplicationSupportsIndirectInputEvents = YES;
				INFOPLIST_KEY_UILaunchScreen_Generation = YES;
				INFOPLIST_KEY_UISupportedInterfaceOrientations_iPad = "UIInterfaceOrientationPortrait UIInterfaceOrientationPortraitUpsideDown UIInterfaceOrientationLandscapeLeft UIInterfaceOrientationLandscapeRight";
				INFOPLIST_KEY_UISupportedInterfaceOrientations_iPhone = "UIInterfaceOrientationPortrait UIInterfaceOrientationLandscapeLeft UIInterfaceOrientationLandscapeRight";
				LD_RUNPATH_SEARCH_PATHS = (
					"$(inherited)",
					"@executable_path/Frameworks",
				);
				MARKETING_VERSION = 1.0;
				PRODUCT_BUNDLE_IDENTIFIER = com.husaynabdul.moonShot;
				PRODUCT_NAME = "$(TARGET_NAME)";
				SWIFT_EMIT_LOC_STRINGS = YES;
				SWIFT_VERSION = 5.0;
				TARGETED_DEVICE_FAMILY = "1,2";
			};
			name = Release;
		};
/* End XCBuildConfiguration section */

/* Begin XCConfigurationList section */
		04453D922CA019CC00B77562 /* Build configuration list for PBXProject "moonShot" */ = {
			isa = XCConfigurationList;
			buildConfigurations = (
				04453DA32CA019CE00B77562 /* Debug */,
				04453DA42CA019CE00B77562 /* Release */,
			);
			defaultConfigurationIsVisible = 0;
			defaultConfigurationName = Release;
		};
		04453DA52CA019CE00B77562 /* Build configuration list for PBXNativeTarget "moonShot" */ = {
			isa = XCConfigurationList;
			buildConfigurations = (
				04453DA62CA019CE00B77562 /* Debug */,
				04453DA72CA019CE00B77562 /* Release */,
			);
			defaultConfigurationIsVisible = 0;
			defaultConfigurationName = Release;
		};
/* End XCConfigurationList section */
	};
	rootObject = 04453D8F2CA019CC00B77562 /* Project object */;
}
